
Microsoft Visual Studio Solution File, Format Version 12.00
# Visual Studio Version 16
VisualStudioVersion = 16.0.31702.278
MinimumVisualStudioVersion = 10.0.40219.1
Project("{FAE04EC0-301F-11D3-BF4B-00C04F79EFBC}") = "dz3", "dz3\dz3.csproj", "{3E5C943D-2256-400C-85ED-9B19245DC5F1}"
EndProject
Global
	GlobalSection(SolutionConfigurationPlatforms) = preSolution
		Debug|Any CPU = Debug|Any CPU
		Release|Any CPU = Release|Any CPU
	EndGlobalSection
	GlobalSection(ProjectConfigurationPlatforms) = postSolution
		{3E5C943D-2256-400C-85ED-9B19245DC5F1}.Debug|Any CPU.ActiveCfg = Debug|Any CPU
		{3E5C943D-2256-400C-85ED-9B19245DC5F1}.Debug|Any CPU.Build.0 = Debug|Any CPU
		{3E5C943D-2256-400C-85ED-9B19245DC5F1}.Release|Any CPU.ActiveCfg = Release|Any CPU
		{3E5C943D-2256-400C-85ED-9B19245DC5F1}.Release|Any CPU.Build.0 = Release|Any CPU
	EndGlobalSection
	GlobalSection(SolutionProperties) = preSolution
		HideSolutionNode = FALSE
	EndGlobalSection
	GlobalSection(ExtensibilityGlobals) = postSolution
		SolutionGuid = {35963B58-3860-4EA6-863C-A03D016ED79D}
	EndGlobalSection
EndGlobal
